
Microsoft Visual Studio Solution File, Format Version 12.00
# Visual Studio Version 17
VisualStudioVersion = 17.6.33717.318
MinimumVisualStudioVersion = 10.0.40219.1
Project("{9A19103F-16F7-4668-BE54-9A1E7A4F7556}") = "StudioAdminData", "StudioAdminData\StudioAdminData.csproj", "{2667DF22-575D-4D8C-B7F9-9EAE728A7965}"
EndProject
Project("{2150E333-8FDC-42A3-9474-1A3956D46DE8}") = "Solution Items", "Solution Items", "{3BA361B5-5FE0-4D31-A55C-7D34FA90831B}"
	ProjectSection(SolutionItems) = preProject
		.editorconfig = .editorconfig
	EndProjectSection
EndProject
Project("{9A19103F-16F7-4668-BE54-9A1E7A4F7556}") = "StudioAdminWeb_ASP", "StudioAdminWeb_ASP\StudioAdminWeb_ASP.csproj", "{282D8F0E-6174-434A-B92A-822D89D6552F}"
EndProject
Global
	GlobalSection(SolutionConfigurationPlatforms) = preSolution
		Debug|Any CPU = Debug|Any CPU
		Release|Any CPU = Release|Any CPU
	EndGlobalSection
	GlobalSection(ProjectConfigurationPlatforms) = postSolution
		{2667DF22-575D-4D8C-B7F9-9EAE728A7965}.Debug|Any CPU.ActiveCfg = Debug|Any CPU
		{2667DF22-575D-4D8C-B7F9-9EAE728A7965}.Debug|Any CPU.Build.0 = Debug|Any CPU
		{2667DF22-575D-4D8C-B7F9-9EAE728A7965}.Release|Any CPU.ActiveCfg = Release|Any CPU
		{2667DF22-575D-4D8C-B7F9-9EAE728A7965}.Release|Any CPU.Build.0 = Release|Any CPU
		{282D8F0E-6174-434A-B92A-822D89D6552F}.Debug|Any CPU.ActiveCfg = Debug|Any CPU
		{282D8F0E-6174-434A-B92A-822D89D6552F}.Debug|Any CPU.Build.0 = Debug|Any CPU
		{282D8F0E-6174-434A-B92A-822D89D6552F}.Release|Any CPU.ActiveCfg = Release|Any CPU
		{282D8F0E-6174-434A-B92A-822D89D6552F}.Release|Any CPU.Build.0 = Release|Any CPU
	EndGlobalSection
	GlobalSection(SolutionProperties) = preSolution
		HideSolutionNode = FALSE
	EndGlobalSection
	GlobalSection(ExtensibilityGlobals) = postSolution
		SolutionGuid = {8FD64A4F-8497-4A78-875B-1317F0395656}
	EndGlobalSection
EndGlobal
